
Microsoft Visual Studio Solution File, Format Version 12.00
# Visual Studio Version 17
VisualStudioVersion = 17.3.32819.101
MinimumVisualStudioVersion = 10.0.40219.1
Project("{FAE04EC0-301F-11D3-BF4B-00C04F79EFBC}") = "PiHoleListUpdater", "PiHoleListUpdater\PiHoleListUpdater.csproj", "{8ACEAA89-7B14-434F-AFF4-8D9FCE2BFB0C}"
EndProject
Global
	GlobalSection(SolutionConfigurationPlatforms) = preSolution
		Debug|Any CPU = Debug|Any CPU
		Release|Any CPU = Release|Any CPU
	EndGlobalSection
	GlobalSection(ProjectConfigurationPlatforms) = postSolution
		{8ACEAA89-7B14-434F-AFF4-8D9FCE2BFB0C}.Debug|Any CPU.ActiveCfg = Debug|Any CPU
		{8ACEAA89-7B14-434F-AFF4-8D9FCE2BFB0C}.Debug|Any CPU.Build.0 = Debug|Any CPU
		{8ACEAA89-7B14-434F-AFF4-8D9FCE2BFB0C}.Release|Any CPU.ActiveCfg = Release|Any CPU
		{8ACEAA89-7B14-434F-AFF4-8D9FCE2BFB0C}.Release|Any CPU.Build.0 = Release|Any CPU
	EndGlobalSection
	GlobalSection(SolutionProperties) = preSolution
		HideSolutionNode = FALSE
	EndGlobalSection
	GlobalSection(ExtensibilityGlobals) = postSolution
		SolutionGuid = {BE5258E1-5294-44A3-9EE4-CF9E2C7C2F28}
	EndGlobalSection
EndGlobal
